
Microsoft Visual Studio Solution File, Format Version 12.00
# Visual Studio Version 17
VisualStudioVersion = 17.6.33829.357
MinimumVisualStudioVersion = 10.0.40219.1
Project("{F184B08F-C81C-45F6-A57F-5ABD9991F28F}") = "CHPrinter", "CHPrinter.vbproj", "{73EE04EF-0684-49CD-9B96-B9B87E743F10}"
EndProject
Global
	GlobalSection(SolutionConfigurationPlatforms) = preSolution
		Debug|Any CPU = Debug|Any CPU
		Release|Any CPU = Release|Any CPU
	EndGlobalSection
	GlobalSection(ProjectConfigurationPlatforms) = postSolution
		{73EE04EF-0684-49CD-9B96-B9B87E743F10}.Debug|Any CPU.ActiveCfg = Debug|Any CPU
		{73EE04EF-0684-49CD-9B96-B9B87E743F10}.Debug|Any CPU.Build.0 = Debug|Any CPU
		{73EE04EF-0684-49CD-9B96-B9B87E743F10}.Release|Any CPU.ActiveCfg = Release|Any CPU
		{73EE04EF-0684-49CD-9B96-B9B87E743F10}.Release|Any CPU.Build.0 = Release|Any CPU
	EndGlobalSection
	GlobalSection(SolutionProperties) = preSolution
		HideSolutionNode = FALSE
	EndGlobalSection
	GlobalSection(ExtensibilityGlobals) = postSolution
		SolutionGuid = {73EB3F6F-EF92-48C2-A928-44C5C427C233}
	EndGlobalSection
EndGlobal
